
Microsoft Visual Studio Solution File, Format Version 12.00
# Visual Studio Version 16
VisualStudioVersion = 16.0.31911.196
MinimumVisualStudioVersion = 10.0.40219.1
Project("{FAE04EC0-301F-11D3-BF4B-00C04F79EFBC}") = "LessonWPF_10", "LessonWPF_10\LessonWPF_10.csproj", "{C821D46D-0913-4AD9-BFBF-BAAFCE7B2EDC}"
EndProject
Global
	GlobalSection(SolutionConfigurationPlatforms) = preSolution
		Debug|Any CPU = Debug|Any CPU
		Release|Any CPU = Release|Any CPU
	EndGlobalSection
	GlobalSection(ProjectConfigurationPlatforms) = postSolution
		{C821D46D-0913-4AD9-BFBF-BAAFCE7B2EDC}.Debug|Any CPU.ActiveCfg = Debug|Any CPU
		{C821D46D-0913-4AD9-BFBF-BAAFCE7B2EDC}.Debug|Any CPU.Build.0 = Debug|Any CPU
		{C821D46D-0913-4AD9-BFBF-BAAFCE7B2EDC}.Release|Any CPU.ActiveCfg = Release|Any CPU
		{C821D46D-0913-4AD9-BFBF-BAAFCE7B2EDC}.Release|Any CPU.Build.0 = Release|Any CPU
	EndGlobalSection
	GlobalSection(SolutionProperties) = preSolution
		HideSolutionNode = FALSE
	EndGlobalSection
	GlobalSection(ExtensibilityGlobals) = postSolution
		SolutionGuid = {1D0DF882-2654-4627-9866-F26035EA083C}
	EndGlobalSection
EndGlobal
